
Microsoft Visual Studio Solution File, Format Version 12.00
# Visual Studio Version 17
VisualStudioVersion = 17.10.35122.118
MinimumVisualStudioVersion = 10.0.40219.1
Project("{FAE04EC0-301F-11D3-BF4B-00C04F79EFBC}") = "ProjetoAulaGit", "ProjetoAulaGit.csproj", "{51262B41-BD76-472A-8B88-4A09E1B50504}"
EndProject
Global
	GlobalSection(SolutionConfigurationPlatforms) = preSolution
		Debug|Any CPU = Debug|Any CPU
		Release|Any CPU = Release|Any CPU
	EndGlobalSection
	GlobalSection(ProjectConfigurationPlatforms) = postSolution
		{51262B41-BD76-472A-8B88-4A09E1B50504}.Debug|Any CPU.ActiveCfg = Debug|Any CPU
		{51262B41-BD76-472A-8B88-4A09E1B50504}.Debug|Any CPU.Build.0 = Debug|Any CPU
		{51262B41-BD76-472A-8B88-4A09E1B50504}.Release|Any CPU.ActiveCfg = Release|Any CPU
		{51262B41-BD76-472A-8B88-4A09E1B50504}.Release|Any CPU.Build.0 = Release|Any CPU
	EndGlobalSection
	GlobalSection(SolutionProperties) = preSolution
		HideSolutionNode = FALSE
	EndGlobalSection
	GlobalSection(ExtensibilityGlobals) = postSolution
		SolutionGuid = {EC753EB3-3C7D-418D-B349-27830F343F7A}
	EndGlobalSection
EndGlobal
